lockfileVersion: '9.0'

settings:
  autoInstallPeers: true
  excludeLinksFromLockfile: false

importers:

  .:
    devDependencies:
      cz-jt:
        specifier: ^0.1.11
        version: 0.1.13(inquirer@8.2.7)

packages:

  '@inquirer/external-editor@1.0.2':
    resolution: {integrity: sha512-yy9cOoBnx58TlsPrIxauKIFQTiyH+0MK4e97y4sV9ERbI+zDxw7i2hxHLCIEGIE/8PPvDxGhgzIOTSOWcs6/MQ==}
    engines: {node: '>=18'}
    peerDependencies:
      '@types/node': '>=18'
    peerDependenciesMeta:
      '@types/node':
        optional: true

  ansi-escapes@4.3.2:
    resolution: {integrity: sha512-gKXj5ALrKWQLsYG9jlTRmR/xKluxHV+Z9QEwNIgCfM1/uwPMCuzVVnh5mwTd+OuBZcwSIMbqssNWRm1lE51QaQ==}
    engines: {node: '>=8'}

  ansi-regex@3.0.1:
    resolution: {integrity: sha512-+O9Jct8wf++lXxxFc4hc8LsjaSq0HFzzL7cVsw8pRDIPdjKD2mT4ytDZlLuSBZ4cLKZFXIrMGO7DbQCtMJJMKw==}
    engines: {node: '>=4'}

  ansi-regex@5.0.1:
    resolution: {integrity: sha512-quJQXlTSUGL2LH9SUXo8VwsY4soanhgo6LNSm84E1LBcE8s3O0wpdiRzyR9z/ZZJMlMWv37qOOb9pdJlMUEKFQ==}
    engines: {node: '>=8'}

  ansi-styles@4.3.0:
    resolution: {integrity: sha512-zbB9rCJAT1rbjiVDb2hqKFHNYLxgtk8NURxZ3IZwD3F6NtxbXZQCnnSi1Lkx+IDohdPlFp222wVALIheZJQSEg==}
    engines: {node: '>=8'}

  base64-js@1.5.1:
    resolution: {integrity: sha512-AKpaYlHn8t4SVbOHCy+b5+KKgvR4vrsD8vbvrbiQJps7fKDTkjkDry6ji0rUJjC0kzbNePLwzxq8iypo41qeWA==}

  bl@4.1.0:
    resolution: {integrity: sha512-1W07cM9gS6DcLperZfFSj+bWLtaPGSOHWhPiGzXmvVJbRLdG82sH/Kn8EtW1VqWVA54AKf2h5k5BbnIbwF3h6w==}

  buffer@5.7.1:
    resolution: {integrity: sha512-EHcyIPBQ4BSGlvjB16k5KgAJ27CIsHY/2JBmCRReo48y9rQ3MaUzWX3KVlBa4U7MyX02HdVj0K7C3WaB3ju7FQ==}

  chalk@4.1.2:
    resolution: {integrity: sha512-oKnbhFyRIXpUuez8iBMmyEa4nbj4IOQyuhc/wy9kY7/WVPcwIO9VA668Pu8RkO7+0G76SLROeyw9CpQ061i4mA==}
    engines: {node: '>=10'}

  chardet@2.1.0:
    resolution: {integrity: sha512-bNFETTG/pM5ryzQ9Ad0lJOTa6HWD/YsScAR3EnCPZRPlQh77JocYktSHOUHelyhm8IARL+o4c4F1bP5KVOjiRA==}

  cli-cursor@3.1.0:
    resolution: {integrity: sha512-I/zHAwsKf9FqGoXM4WWRACob9+SNukZTd94DWF57E4toouRulbCxcUh6RKUEOQlYTHJnzkPMySvPNaaSLNfLZw==}
    engines: {node: '>=8'}

  cli-spinners@2.9.2:
    resolution: {integrity: sha512-ywqV+5MmyL4E7ybXgKys4DugZbX0FC6LnwrhjuykIjnK9k8OQacQ7axGKnjDXWNhns0xot3bZI5h55H8yo9cJg==}
    engines: {node: '>=6'}

  cli-truncate@1.1.0:
    resolution: {integrity: sha512-bAtZo0u82gCfaAGfSNxUdTI9mNyza7D8w4CVCcaOsy7sgwDzvx6ekr6cuWJqY3UGzgnQ1+4wgENup5eIhgxEYA==}
    engines: {node: '>=4'}

  cli-width@3.0.0:
    resolution: {integrity: sha512-FxqpkPPwu1HjuN93Omfm4h8uIanXofW0RxVEW3k5RKx+mJJYSthzNhp32Kzxxy3YAEZ/Dc/EWN1vZRY0+kOhbw==}
    engines: {node: '>= 10'}

  clone@1.0.4:
    resolution: {integrity: sha512-JQHZ2QMW6l3aH/j6xCqQThY/9OH4D/9ls34cgkUBiEeocRTU04tHfKPBsUK1PqZCUQM7GiA0IIXJSuXHI64Kbg==}
    engines: {node: '>=0.8'}

  color-convert@2.0.1:
    resolution: {integrity: sha512-RRECPsj7iu/xb5oKYcsFHSppFNnsj/52OVTRKb4zP5onXwVF3zVmmToNcOfGC+CRDpfK/U584fMg38ZHCaElKQ==}
    engines: {node: '>=7.0.0'}

  color-name@1.1.4:
    resolution: {integrity: sha512-dOy+3AuW3a2wNbZHIuMZpTcgjGuLU/uBL/ubcZF9OXbDo8ff4O8yVp5Bf0efS8uEoYo5q4Fx7dY9OgQGXgAsQA==}

  cz-jt@0.1.13:
    resolution: {integrity: sha512-wLFAiZeiElyuBQBeWl+ABjDqfpbTaj8GvvIxndXYGXKCmuVvucfztvsPUFIwLwbDNUHvJ2WKOc7WdHX5S6SZdQ==}

  defaults@1.0.4:
    resolution: {integrity: sha512-eFuaLoy/Rxalv2kr+lqMlUnrDWV+3j4pljOIJgLIhI058IQfWJ7vXhyEIHu+HtC738klGALYxOKDO0bQP3tg8A==}

  emoji-regex@8.0.0:
    resolution: {integrity: sha512-MSjYzcWNOA0ewAHpz0MxpYFvwg6yjy1NG3xteoqz644VCo/RPgnr1/GGt+ic3iJTzQ8Eu3TdM14SawnVUmGE6A==}

  error-ex@1.3.4:
    resolution: {integrity: sha512-sqQamAnR14VgCr1A618A3sGrygcpK+HEbenA/HiEAkkUwcZIIB/tgWqHFxWgOyDh4nB4JCRimh79dR5Ywc9MDQ==}

  escape-string-regexp@1.0.5:
    resolution: {integrity: sha512-vbRorB5FUQWvla16U8R/qgaFIya2qGzwDrNmCZuYKrbdSUMG6I1ZCGQRefkRVhuOkIGVne7BQ35DSfo1qvJqFg==}
    engines: {node: '>=0.8.0'}

  figures@3.2.0:
    resolution: {integrity: sha512-yaduQFRKLXYOGgEn6AZau90j3ggSOyiqXU0F9JZfeXYhNa+Jk4X+s45A2zg5jns87GAFa34BBm2kXw4XpNcbdg==}
    engines: {node: '>=8'}

  find-up@2.1.0:
    resolution: {integrity: sha512-NWzkk0jSJtTt08+FBFMvXoeZnOJD+jTtsRmBYbAIzJdX6l7dLgR7CTubCM5/eDdPUBvLCeVasP1brfVR/9/EZQ==}
    engines: {node: '>=4'}

  function-bind@1.1.2:
    resolution: {integrity: sha512-7XHNxH7qX9xG5mIwxkhumTox/MIRNcOgDrxWsMt2pAr23WHp6MrRlN7FBSFpCpr+oVO0F744iUgR82nJMfG2SA==}

  fuse.js@3.6.1:
    resolution: {integrity: sha512-hT9yh/tiinkmirKrlv4KWOjztdoZo1mx9Qh4KvWqC7isoXwdUY3PNWUxceF4/qO9R6riA2C29jdTOeQOIROjgw==}
    engines: {node: '>=6'}

  graceful-fs@4.2.11:
    resolution: {integrity: sha512-RbJ5/jmFcNNCcDV5o9eTnBLJ/HszWV0P73bc+Ff4nS/rJj+YaS6IGyiOL0VoBYX+l1Wrl3k63h/KrH+nhJ0XvQ==}

  has-flag@4.0.0:
    resolution: {integrity: sha512-EykJT/Q1KjTWctppgIAgfSO0tKVuZUjhgMr17kqTumMl6Afv3EISleU7qZUzoXDFTAHTDC4NOoG/ZxU3EvlMPQ==}
    engines: {node: '>=8'}

  hasown@2.0.2:
    resolution: {integrity: sha512-0hJU9SCPvmMzIBdZFqNPXWa6dqh7WdH0cII9y+CyS8rG3nL48Bclra9HmKhVVUHyPWNH5Y7xDwAB7bfgSjkUMQ==}
    engines: {node: '>= 0.4'}

  home-dir@1.0.0:
    resolution: {integrity: sha512-PPAP0BMY72XQ0sYwFow8EgHwUYfptkZusnZEGHkBjdKRXIYcVFsbEViqU4k8VrJWf0m7wMr9gscQX9klJYh7zg==}

  hosted-git-info@2.8.9:
    resolution: {integrity: sha512-mxIDAb9Lsm6DoOJ7xH+5+X4y1LU/4Hi50L9C5sIswK3JzULS4bwk1FvjdBgvYR4bzT4tuUQiC15FE2f5HbLvYw==}

  iconv-lite@0.7.0:
    resolution: {integrity: sha512-cf6L2Ds3h57VVmkZe+Pn+5APsT7FpqJtEhhieDCvrE2MK5Qk9MyffgQyuxQTm6BChfeZNtcOLHp9IcWRVcIcBQ==}
    engines: {node: '>=0.10.0'}

  ieee754@1.2.1:
    resolution: {integrity: sha512-dcyqhDvX1C46lXZcVqCpK+FtMRQVdIMN6/Df5js2zouUsqG7I6sFxitIC+7KYK29KdXOLHdu9zL4sFnoVQnqaA==}

  inherits@2.0.4:
    resolution: {integrity: sha512-k/vGaX4/Yla3WzyMCvTQOXYeIHvqOKtnqBduzTHpzpQZzAskKMhZ2K+EnBiSM9zGSoIFeMpXKxa4dYeZIQqewQ==}

  inquirer-autocomplete-prompt@2.0.1:
    resolution: {integrity: sha512-jUHrH0btO7j5r8DTQgANf2CBkTZChoVySD8zF/wp5fZCOLIuUbleXhf4ZY5jNBOc1owA3gdfWtfZuppfYBhcUg==}
    engines: {node: '>=12'}
    peerDependencies:
      inquirer: ^8.0.0

  inquirer@8.2.7:
    resolution: {integrity: sha512-UjOaSel/iddGZJ5xP/Eixh6dY1XghiBw4XK13rCCIJcJfyhhoul/7KhLLUGtebEj6GDYM6Vnx/mVsjx2L/mFIA==}
    engines: {node: '>=12.0.0'}

  is-arrayish@0.2.1:
    resolution: {integrity: sha512-zz06S8t0ozoDXMG+ube26zeCTNXcKIPJZJi8hBrF4idCLms4CG9QtK7qBl1boi5ODzFpjswb5JPmHCbMpjaYzg==}

  is-core-module@2.16.1:
    resolution: {integrity: sha512-UfoeMA6fIJ8wTYFEUjelnaGI67v6+N7qXJEvQuIGa99l4xsCruSYOVSQ0uPANn4dAzm8lkYPaKLrrijLq7x23w==}
    engines: {node: '>= 0.4'}

  is-fullwidth-code-point@2.0.0:
    resolution: {integrity: sha512-VHskAKYM8RfSFXwee5t5cbN5PZeq1Wrh6qd5bkyiXIf6UQcN6w/A0eXM9r6t8d+GYOh+o6ZhiEnb88LN/Y8m2w==}
    engines: {node: '>=4'}

  is-fullwidth-code-point@3.0.0:
    resolution: {integrity: sha512-zymm5+u+sCsSWyD9qNaejV3DFvhCKclKdizYaJUuHA83RLjb7nSuGnddCHGv0hk+KY7BMAlsWeK4Ueg6EV6XQg==}
    engines: {node: '>=8'}

  is-interactive@1.0.0:
    resolution: {integrity: sha512-2HvIEKRoqS62guEC+qBjpvRubdX910WCMuJTZ+I9yvqKU2/12eSL549HMwtabb4oupdj2sMP50k+XJfB/8JE6w==}
    engines: {node: '>=8'}

  is-unicode-supported@0.1.0:
    resolution: {integrity: sha512-knxG2q4UC3u8stRGyAVJCOdxFmv5DZiRcdlIaAQXAbSfJya+OhopNotLQrstBhququ4ZpuKbDc/8S6mgXgPFPw==}
    engines: {node: '>=10'}

  load-json-file@2.0.0:
    resolution: {integrity: sha512-3p6ZOGNbiX4CdvEd1VcE6yi78UrGNpjHO33noGwHCnT/o2fyllJDepsm8+mFFv/DvtwFHht5HIHSyOy5a+ChVQ==}
    engines: {node: '>=4'}

  locate-path@2.0.0:
    resolution: {integrity: sha512-NCI2kiDkyR7VeEKm27Kda/iQHyKJe1Bu0FlTbYp3CqJu+9IFe9bLyAjMxf5ZDDbEg+iMPzB5zYyUTSm8wVTKmA==}
    engines: {node: '>=4'}

  lodash@4.17.21:
    resolution: {integrity: sha512-v2kDEe57lecTulaDIuNTPy3Ry4gLGJ6Z1O3vE1krgXZNrsQ+LFTGHVxVjcXPs17LhbZVGedAJv8XZ1tvj5FvSg==}

  log-symbols@4.1.0:
    resolution: {integrity: sha512-8XPvpAA8uyhfteu8pIvQxpJZ7SYYdpUivZpGy6sFsBuKRY/7rQGavedeB8aK+Zkyq6upMFVL/9AW6vOYzfRyLg==}
    engines: {node: '>=10'}

  mimic-fn@2.1.0:
    resolution: {integrity: sha512-OqbOk5oEQeAZ8WXWydlu9HJjz9WVdEIvamMCcXmuqUYjTknH/sqsWvhQ3vgwKFRR1HpjvNBKQ37nbJgYzGqGcg==}
    engines: {node: '>=6'}

  mute-stream@0.0.8:
    resolution: {integrity: sha512-nnbWWOkoWyUsTjKrhgD0dcz22mdkSnpYqbEjIm2nhwhuxlSkpywJmBo8h0ZqJdkp73mb90SssHkN4rsRaBAfAA==}

  normalize-package-data@2.5.0:
    resolution: {integrity: sha512-/5CMN3T0R4XTj4DcGaexo+roZSdSFW/0AOOTROrjxzCG1wrWXEsGbRKevjlIL+ZDE4sZlJr5ED4YW0yqmkK+eA==}

  onetime@5.1.2:
    resolution: {integrity: sha512-kbpaSSGJTWdAY5KPVeMOKXSrPtr8C8C7wodJbcsd51jRnmD+GZu8Y0VoU6Dm5Z4vWr0Ig/1NKuWRKf7j5aaYSg==}
    engines: {node: '>=6'}

  ora@5.4.1:
    resolution: {integrity: sha512-5b6Y85tPxZZ7QytO+BQzysW31HJku27cRIlkbAXaNx+BdcVi+LlRFmVXzeF6a7JCwJpyw5c4b+YSVImQIrBpuQ==}
    engines: {node: '>=10'}

  p-limit@1.3.0:
    resolution: {integrity: sha512-vvcXsLAJ9Dr5rQOPk7toZQZJApBl2K4J6dANSsEuh6QI41JYcsS/qhTGa9ErIUUgK3WNQoJYvylxvjqmiqEA9Q==}
    engines: {node: '>=4'}

  p-locate@2.0.0:
    resolution: {integrity: sha512-nQja7m7gSKuewoVRen45CtVfODR3crN3goVQ0DDZ9N3yHxgpkuBhZqsaiotSQRrADUrne346peY7kT3TSACykg==}
    engines: {node: '>=4'}

  p-try@1.0.0:
    resolution: {integrity: sha512-U1etNYuMJoIz3ZXSrrySFjsXQTWOx2/jdi86L+2pRvph/qMKL6sbcCYdH23fqsbm8TH2Gn0OybpT4eSFlCVHww==}
    engines: {node: '>=4'}

  pad@2.3.0:
    resolution: {integrity: sha512-lxrgnOG5AXmzMRT1O5urWtYFxHnFSE+QntgTHij1nvS4W+ubhQLmQRHmZXDeEvk9I00itAixLqU9Q6fE0gW3sw==}
    engines: {node: '>= 4.0.0'}

  parse-json@2.2.0:
    resolution: {integrity: sha512-QR/GGaKCkhwk1ePQNYDRKYZ3mwU9ypsKhB0XyFnLQdomyEqk3e8wpW3V5Jp88zbxK4n5ST1nqo+g9juTpownhQ==}
    engines: {node: '>=0.10.0'}

  path-exists@3.0.0:
    resolution: {integrity: sha512-bpC7GYwiDYQ4wYLe+FA8lhRjhQCMcQGuSgGGqDkg/QerRWw9CmGRT0iSOVRSZJ29NMLZgIzqaljJ63oaL4NIJQ==}
    engines: {node: '>=4'}

  path-parse@1.0.7:
    resolution: {integrity: sha512-LDJzPVEEEPR+y48z93A0Ed0yXb8pAByGWo/k5YYdYgpY2/2EsOsksJrq7lOHxryrVOn1ejG6oAp8ahvOIQD8sw==}

  path-type@2.0.0:
    resolution: {integrity: sha512-dUnb5dXUf+kzhC/W/F4e5/SkluXIFf5VUHolW1Eg1irn1hGWjPGdsRcvYJ1nD6lhk8Ir7VM0bHJKsYTx8Jx9OQ==}
    engines: {node: '>=4'}

  picocolors@1.1.1:
    resolution: {integrity: sha512-xceH2snhtb5M9liqDsmEw56le376mTZkEX/jEb/RxNFyegNul7eNslCXP9FDj/Lcu0X8KEyMceP2ntpaHrDEVA==}

  pify@2.3.0:
    resolution: {integrity: sha512-udgsAY+fTnvv7kI7aaxbqwWNb0AHiB0qBO89PZKPkoTmGOgdbrHDKD+0B2X4uTfJ/FT1R09r9gTsjUjNJotuog==}
    engines: {node: '>=0.10.0'}

  read-pkg-up@2.0.0:
    resolution: {integrity: sha512-1orxQfbWGUiTn9XsPlChs6rLie/AV9jwZTGmu2NZw/CUDJQchXJFYE0Fq5j7+n558T1JhDWLdhyd1Zj+wLY//w==}
    engines: {node: '>=4'}

  read-pkg@2.0.0:
    resolution: {integrity: sha512-eFIBOPW7FGjzBuk3hdXEuNSiTZS/xEMlH49HxMyzb0hyPfu4EhVjT2DH32K1hSSmVq4sebAWnZuuY5auISUTGA==}
    engines: {node: '>=4'}

  readable-stream@3.6.2:
    resolution: {integrity: sha512-9u/sniCrY3D5WdsERHzHE4G2YCXqoG5FTHUiCC4SIbr6XcLZBY05ya9EKjYek9O5xOAwjGq+1JdGBAS7Q9ScoA==}
    engines: {node: '>= 6'}

  resolve@1.22.10:
    resolution: {integrity: sha512-NPRy+/ncIMeDlTAsuqwKIiferiawhefFJtkNSW0qZJEqMEb+qBt/77B/jGeeek+F0uOeN05CDa6HXbbIgtVX4w==}
    engines: {node: '>= 0.4'}
    hasBin: true

  restore-cursor@3.1.0:
    resolution: {integrity: sha512-l+sSefzHpj5qimhFSE5a8nufZYAM3sBSVMAPtYkmC+4EH2anSGaEMXSD0izRQbu9nfyQ9y5JrVmp7E8oZrUjvA==}
    engines: {node: '>=8'}

  run-async@2.4.1:
    resolution: {integrity: sha512-tvVnVv01b8c1RrA6Ep7JkStj85Guv/YrMcwqYQnwjsAS2cTmmPGBBjAjpCW7RrSodNSoE2/qg9O4bceNvUuDgQ==}
    engines: {node: '>=0.12.0'}

  rxjs@7.8.2:
    resolution: {integrity: sha512-dhKf903U/PQZY6boNNtAGdWbG85WAbjT/1xYoZIC7FAY0yWapOBQVsVrDl58W86//e1VpMNBtRV4MaXfdMySFA==}

  safe-buffer@5.2.1:
    resolution: {integrity: sha512-rp3So07KcdmmKbGvgaNxQSJr7bGVSVk5S9Eq1F+ppbRo70+YeaDxkw5Dd8NPN+GD6bjnYm2VuPuCXmpuYvmCXQ==}

  safer-buffer@2.1.2:
    resolution: {integrity: sha512-YZo3K82SD7Riyi0E1EQPojLz7kpepnSQI9IyPbHHg1XXXevb5dJI7tpyN2ADxGcQbHG7vcyRHk0cbwqcQriUtg==}

  semver@5.7.2:
    resolution: {integrity: sha512-cBznnQ9KjJqU67B52RMC65CMarK2600WFnbkcaiwWq3xy/5haFJlshgnpjovMVJ+Hff49d8GEn0b87C5pDQ10g==}
    hasBin: true

  signal-exit@3.0.7:
    resolution: {integrity: sha512-wnD2ZE+l+SPC/uoS0vXeE9L1+0wuaMqKlfz9AMUo38JsyLSBWSFcHR1Rri62LZc12vLr1gb3jl7iwQhgwpAbGQ==}

  slice-ansi@1.0.0:
    resolution: {integrity: sha512-POqxBK6Lb3q6s047D/XsDVNPnF9Dl8JSaqe9h9lURl0OdNqy/ujDrOiIHtsqXMGbWWTIomRzAMaTyawAU//Reg==}
    engines: {node: '>=4'}

  spdx-correct@3.2.0:
    resolution: {integrity: sha512-kN9dJbvnySHULIluDHy32WHRUu3Og7B9sbY7tsFLctQkIqnMh3hErYgdMjTYuqmcXX+lK5T1lnUt3G7zNswmZA==}

  spdx-exceptions@2.5.0:
    resolution: {integrity: sha512-PiU42r+xO4UbUS1buo3LPJkjlO7430Xn5SVAhdpzzsPHsjbYVflnnFdATgabnLude+Cqu25p6N+g2lw/PFsa4w==}

  spdx-expression-parse@3.0.1:
    resolution: {integrity: sha512-cbqHunsQWnJNE6KhVSMsMeH5H/L9EpymbzqTQ3uLwNCLZ1Q481oWaofqH7nO6V07xlXwY6PhQdQ2IedWx/ZK4Q==}

  spdx-license-ids@3.0.22:
    resolution: {integrity: sha512-4PRT4nh1EImPbt2jASOKHX7PB7I+e4IWNLvkKFDxNhJlfjbYlleYQh285Z/3mPTHSAK/AvdMmw5BNNuYH8ShgQ==}

  string-width@2.1.1:
    resolution: {integrity: sha512-nOqH59deCq9SRHlxq1Aw85Jnt4w6KvLKqWVik6oA9ZklXLNIOlqg4F2yrT1MVaTjAqvVwdfeZ7w7aCvJD7ugkw==}
    engines: {node: '>=4'}

  string-width@4.2.3:
    resolution: {integrity: sha512-wKyQRQpjJ0sIp62ErSZdGsjMJWsap5oRNihHhu6G7JVO/9jIB6UyevL+tXuOqrng8j/cxKTWyWUwvSTriiZz/g==}
    engines: {node: '>=8'}

  string_decoder@1.3.0:
    resolution: {integrity: sha512-hkRX8U1WjJFd8LsDJ2yQ/wWWxaopEsABU1XfkM8A+j0+85JAGppt16cr1Whg6KIbb4okU6Mql6BOj+uup/wKeA==}

  strip-ansi@4.0.0:
    resolution: {integrity: sha512-4XaJ2zQdCzROZDivEVIDPkcQn8LMFSa8kj8Gxb/Lnwzv9A8VctNZ+lfivC/sV3ivW8ElJTERXZoPBRrZKkNKow==}
    engines: {node: '>=4'}

  strip-ansi@6.0.1:
    resolution: {integrity: sha512-Y38VPSHcqkFrCpFnQ9vuSXmquuv5oXOKpGeT6aGrr3o3Gc9AlVa6JBfUSOCnbxGGZF+/0ooI7KrPuUSztUdU5A==}
    engines: {node: '>=8'}

  strip-bom@3.0.0:
    resolution: {integrity: sha512-vavAMRXOgBVNF6nyEEmL3DBK19iRpDcoIwW+swQ+CbGiu7lju6t+JklA1MHweoWtadgt4ISVUsXLyDq34ddcwA==}
    engines: {node: '>=4'}

  supports-color@7.2.0:
    resolution: {integrity: sha512-qpCAvRl9stuOHveKsn7HncJRvv501qIacKzQlO/+Lwxc9+0q2wLyv4Dfvt80/DPn2pqOBsJdDiogXGR9+OvwRw==}
    engines: {node: '>=8'}

  supports-preserve-symlinks-flag@1.0.0:
    resolution: {integrity: sha512-ot0WnXS9fgdkgIcePe6RHNk1WA8+muPa6cSjeR3V8K27q9BB1rTE3R1p7Hv0z1ZyAc8s6Vvv8DIyWf681MAt0w==}
    engines: {node: '>= 0.4'}

  through@2.3.8:
    resolution: {integrity: sha512-w89qg7PI8wAdvX60bMDP+bFoD5Dvhm9oLheFp5O4a2QF0cSBGsBX4qZmadPMvVqlLJBBci+WqGGOAPvcDeNSVg==}

  tslib@2.8.1:
    resolution: {integrity: sha512-oJFu94HQb+KVduSUQL7wnpmqnfmLsOA/nAh6b6EH0wCEoK0/mPeXU6c3wKDV83MkOuHPRHtSXKKU99IBazS/2w==}

  type-fest@0.21.3:
    resolution: {integrity: sha512-t0rzBq87m3fVcduHDUFhKmyyX+9eo6WQjZvf51Ea/M0Q7+T374Jp1aUiyUl0GKxp8M/OETVHSDvmkyPgvX+X2w==}
    engines: {node: '>=10'}

  util-deprecate@1.0.2:
    resolution: {integrity: sha512-EPD5q1uXyFxJpCrLnCc1nHnq3gOa6DZBocAIiI2TaSCA7VCJ1UJDMagCzIkXNsUYfD1daK//LTEQ8xiIbrHtcw==}

  validate-npm-package-license@3.0.4:
    resolution: {integrity: sha512-DpKm2Ui/xN7/HQKCtpZxoRWBhZ9Z0kqtygG8XCgNQ8ZlDnxuQmWhj566j8fN4Cu3/JmbhsDo7fcAJq4s9h27Ew==}

  wcwidth@1.0.1:
    resolution: {integrity: sha512-XHPEwS0q6TaxcvG85+8EYkbiCux2XtWG2mkc47Ng2A77BQu9+DqIOJldST4HgPkuea7dvKSj5VgX3P1d4rW8Tg==}

  wrap-ansi@3.0.1:
    resolution: {integrity: sha512-iXR3tDXpbnTpzjKSylUJRkLuOrEC7hwEB221cgn6wtF8wpmz28puFXAEfPT5zrjM3wahygB//VuWEr1vTkDcNQ==}
    engines: {node: '>=4'}

  wrap-ansi@6.2.0:
    resolution: {integrity: sha512-r6lPcBGxZXlIcymEu7InxDMhdW0KDxpLgoFLcguasxCaJ/SOIZwINatK9KY/tf+ZrlywOKU0UDj3ATXUBfxJXA==}
    engines: {node: '>=8'}

snapshots:

  '@inquirer/external-editor@1.0.2':
    dependencies:
      chardet: 2.1.0
      iconv-lite: 0.7.0

  ansi-escapes@4.3.2:
    dependencies:
      type-fest: 0.21.3

  ansi-regex@3.0.1: {}

  ansi-regex@5.0.1: {}

  ansi-styles@4.3.0:
    dependencies:
      color-convert: 2.0.1

  base64-js@1.5.1: {}

  bl@4.1.0:
    dependencies:
      buffer: 5.7.1
      inherits: 2.0.4
      readable-stream: 3.6.2

  buffer@5.7.1:
    dependencies:
      base64-js: 1.5.1
      ieee754: 1.2.1

  chalk@4.1.2:
    dependencies:
      ansi-styles: 4.3.0
      supports-color: 7.2.0

  chardet@2.1.0: {}

  cli-cursor@3.1.0:
    dependencies:
      restore-cursor: 3.1.0

  cli-spinners@2.9.2: {}

  cli-truncate@1.1.0:
    dependencies:
      slice-ansi: 1.0.0
      string-width: 2.1.1

  cli-width@3.0.0: {}

  clone@1.0.4: {}

  color-convert@2.0.1:
    dependencies:
      color-name: 1.1.4

  color-name@1.1.4: {}

  cz-jt@0.1.13(inquirer@8.2.7):
    dependencies:
      ansi-styles: 4.3.0
      cli-truncate: 1.1.0
      fuse.js: 3.6.1
      home-dir: 1.0.0
      inquirer-autocomplete-prompt: 2.0.1(inquirer@8.2.7)
      pad: 2.3.0
      read-pkg-up: 2.0.0
      wrap-ansi: 3.0.1
    transitivePeerDependencies:
      - inquirer

  defaults@1.0.4:
    dependencies:
      clone: 1.0.4

  emoji-regex@8.0.0: {}

  error-ex@1.3.4:
    dependencies:
      is-arrayish: 0.2.1

  escape-string-regexp@1.0.5: {}

  figures@3.2.0:
    dependencies:
      escape-string-regexp: 1.0.5

  find-up@2.1.0:
    dependencies:
      locate-path: 2.0.0

  function-bind@1.1.2: {}

  fuse.js@3.6.1: {}

  graceful-fs@4.2.11: {}

  has-flag@4.0.0: {}

  hasown@2.0.2:
    dependencies:
      function-bind: 1.1.2

  home-dir@1.0.0: {}

  hosted-git-info@2.8.9: {}

  iconv-lite@0.7.0:
    dependencies:
      safer-buffer: 2.1.2

  ieee754@1.2.1: {}

  inherits@2.0.4: {}

  inquirer-autocomplete-prompt@2.0.1(inquirer@8.2.7):
    dependencies:
      ansi-escapes: 4.3.2
      figures: 3.2.0
      inquirer: 8.2.7
      picocolors: 1.1.1
      run-async: 2.4.1
      rxjs: 7.8.2

  inquirer@8.2.7:
    dependencies:
      '@inquirer/external-editor': 1.0.2
      ansi-escapes: 4.3.2
      chalk: 4.1.2
      cli-cursor: 3.1.0
      cli-width: 3.0.0
      figures: 3.2.0
      lodash: 4.17.21
      mute-stream: 0.0.8
      ora: 5.4.1
      run-async: 2.4.1
      rxjs: 7.8.2
      string-width: 4.2.3
      strip-ansi: 6.0.1
      through: 2.3.8
      wrap-ansi: 6.2.0
    transitivePeerDependencies:
      - '@types/node'

  is-arrayish@0.2.1: {}

  is-core-module@2.16.1:
    dependencies:
      hasown: 2.0.2

  is-fullwidth-code-point@2.0.0: {}

  is-fullwidth-code-point@3.0.0: {}

  is-interactive@1.0.0: {}

  is-unicode-supported@0.1.0: {}

  load-json-file@2.0.0:
    dependencies:
      graceful-fs: 4.2.11
      parse-json: 2.2.0
      pify: 2.3.0
      strip-bom: 3.0.0

  locate-path@2.0.0:
    dependencies:
      p-locate: 2.0.0
      path-exists: 3.0.0

  lodash@4.17.21: {}

  log-symbols@4.1.0:
    dependencies:
      chalk: 4.1.2
      is-unicode-supported: 0.1.0

  mimic-fn@2.1.0: {}

  mute-stream@0.0.8: {}

  normalize-package-data@2.5.0:
    dependencies:
      hosted-git-info: 2.8.9
      resolve: 1.22.10
      semver: 5.7.2
      validate-npm-package-license: 3.0.4

  onetime@5.1.2:
    dependencies:
      mimic-fn: 2.1.0

  ora@5.4.1:
    dependencies:
      bl: 4.1.0
      chalk: 4.1.2
      cli-cursor: 3.1.0
      cli-spinners: 2.9.2
      is-interactive: 1.0.0
      is-unicode-supported: 0.1.0
      log-symbols: 4.1.0
      strip-ansi: 6.0.1
      wcwidth: 1.0.1

  p-limit@1.3.0:
    dependencies:
      p-try: 1.0.0

  p-locate@2.0.0:
    dependencies:
      p-limit: 1.3.0

  p-try@1.0.0: {}

  pad@2.3.0:
    dependencies:
      wcwidth: 1.0.1

  parse-json@2.2.0:
    dependencies:
      error-ex: 1.3.4

  path-exists@3.0.0: {}

  path-parse@1.0.7: {}

  path-type@2.0.0:
    dependencies:
      pify: 2.3.0

  picocolors@1.1.1: {}

  pify@2.3.0: {}

  read-pkg-up@2.0.0:
    dependencies:
      find-up: 2.1.0
      read-pkg: 2.0.0

  read-pkg@2.0.0:
    dependencies:
      load-json-file: 2.0.0
      normalize-package-data: 2.5.0
      path-type: 2.0.0

  readable-stream@3.6.2:
    dependencies:
      inherits: 2.0.4
      string_decoder: 1.3.0
      util-deprecate: 1.0.2

  resolve@1.22.10:
    dependencies:
      is-core-module: 2.16.1
      path-parse: 1.0.7
      supports-preserve-symlinks-flag: 1.0.0

  restore-cursor@3.1.0:
    dependencies:
      onetime: 5.1.2
      signal-exit: 3.0.7

  run-async@2.4.1: {}

  rxjs@7.8.2:
    dependencies:
      tslib: 2.8.1

  safe-buffer@5.2.1: {}

  safer-buffer@2.1.2: {}

  semver@5.7.2: {}

  signal-exit@3.0.7: {}

  slice-ansi@1.0.0:
    dependencies:
      is-fullwidth-code-point: 2.0.0

  spdx-correct@3.2.0:
    dependencies:
      spdx-expression-parse: 3.0.1
      spdx-license-ids: 3.0.22

  spdx-exceptions@2.5.0: {}

  spdx-expression-parse@3.0.1:
    dependencies:
      spdx-exceptions: 2.5.0
      spdx-license-ids: 3.0.22

  spdx-license-ids@3.0.22: {}

  string-width@2.1.1:
    dependencies:
      is-fullwidth-code-point: 2.0.0
      strip-ansi: 4.0.0

  string-width@4.2.3:
    dependencies:
      emoji-regex: 8.0.0
      is-fullwidth-code-point: 3.0.0
      strip-ansi: 6.0.1

  string_decoder@1.3.0:
    dependencies:
      safe-buffer: 5.2.1

  strip-ansi@4.0.0:
    dependencies:
      ansi-regex: 3.0.1

  strip-ansi@6.0.1:
    dependencies:
      ansi-regex: 5.0.1

  strip-bom@3.0.0: {}

  supports-color@7.2.0:
    dependencies:
      has-flag: 4.0.0

  supports-preserve-symlinks-flag@1.0.0: {}

  through@2.3.8: {}

  tslib@2.8.1: {}

  type-fest@0.21.3: {}

  util-deprecate@1.0.2: {}

  validate-npm-package-license@3.0.4:
    dependencies:
      spdx-correct: 3.2.0
      spdx-expression-parse: 3.0.1

  wcwidth@1.0.1:
    dependencies:
      defaults: 1.0.4

  wrap-ansi@3.0.1:
    dependencies:
      string-width: 2.1.1
      strip-ansi: 4.0.0

  wrap-ansi@6.2.0:
    dependencies:
      ansi-styles: 4.3.0
      string-width: 4.2.3
      strip-ansi: 6.0.1
